// !$*UTF8*$!
{
	archiveVersion = 1;
	classes = {
	};
	objectVersion = 77;
	objects = {

/* Begin PBXBuildFile section */
		2C2E58162CE71F0D008766A8 /* UserModel.swift in Sources */ = {isa = PBXBuildFile; fileRef = 2C2E57F22CE71F0D008766A8 /* UserModel.swift */; };
		2C2E58172CE71F0D008766A8 /* MainService.swift in Sources */ = {isa = PBXBuildFile; fileRef = 2C2E57F42CE71F0D008766A8 /* MainService.swift */; };
		2C2E58182CE71F0D008766A8 /* LoginView.swift in Sources */ = {isa = PBXBuildFile; fileRef = 2C2E57F62CE71F0D008766A8 /* LoginView.swift */; };
		2C2E58192CE71F0D008766A8 /* SignUPView.swift in Sources */ = {isa = PBXBuildFile; fileRef = 2C2E57F82CE71F0D008766A8 /* SignUPView.swift */; };
		2C2E581A2CE71F0D008766A8 /* ChatSelectView.swift in Sources */ = {isa = PBXBuildFile; fileRef = 2C2E57FB2CE71F0D008766A8 /* ChatSelectView.swift */; };
		2C2E581B2CE71F0D008766A8 /* HomeView.swift in Sources */ = {isa = PBXBuildFile; fileRef = 2C2E57FD2CE71F0D008766A8 /* HomeView.swift */; };
		2C2E581C2CE71F0D008766A8 /* LoungeView.swift in Sources */ = {isa = PBXBuildFile; fileRef = 2C2E57FF2CE71F0D008766A8 /* LoungeView.swift */; };
		2C2E581D2CE71F0D008766A8 /* PostView.swift in Sources */ = {isa = PBXBuildFile; fileRef = 2C2E58012CE71F0D008766A8 /* PostView.swift */; };
		2C2E581F2CE71F0D008766A8 /* MainTabView.swift in Sources */ = {isa = PBXBuildFile; fileRef = 2C2E58052CE71F0D008766A8 /* MainTabView.swift */; };
		2C2E58202CE71F0D008766A8 /* TabBar.swift in Sources */ = {isa = PBXBuildFile; fileRef = 2C2E58062CE71F0D008766A8 /* TabBar.swift */; };
		2C2E58222CE71F0D008766A8 /* RoundedCorner.swift in Sources */ = {isa = PBXBuildFile; fileRef = 2C2E580C2CE71F0D008766A8 /* RoundedCorner.swift */; };
		2C2E58242CE71F0D008766A8 /* ProjectMoyoApp.swift in Sources */ = {isa = PBXBuildFile; fileRef = 2C2E58132CE71F0D008766A8 /* ProjectMoyoApp.swift */; };
		2C2E58262CE71F0D008766A8 /* Pretendard-Bold.ttf in Resources */ = {isa = PBXBuildFile; fileRef = 2C2E57E42CE71F0D008766A8 /* Pretendard-Bold.ttf */; };
		2C2E58292CE71F0D008766A8 /* Pretendard-Light.ttf in Resources */ = {isa = PBXBuildFile; fileRef = 2C2E57E72CE71F0D008766A8 /* Pretendard-Light.ttf */; };
		2C2E582A2CE71F0D008766A8 /* Pretendard-Medium.ttf in Resources */ = {isa = PBXBuildFile; fileRef = 2C2E57E82CE71F0D008766A8 /* Pretendard-Medium.ttf */; };
		2C2E582B2CE71F0D008766A8 /* Pretendard-Regular.ttf in Resources */ = {isa = PBXBuildFile; fileRef = 2C2E57E92CE71F0D008766A8 /* Pretendard-Regular.ttf */; };
		2C2E582C2CE71F0D008766A8 /* Pretendard-SemiBold.ttf in Resources */ = {isa = PBXBuildFile; fileRef = 2C2E57EA2CE71F0D008766A8 /* Pretendard-SemiBold.ttf */; };
		2C2E582D2CE71F0D008766A8 /* Pretendard-Thin.ttf in Resources */ = {isa = PBXBuildFile; fileRef = 2C2E57EB2CE71F0D008766A8 /* Pretendard-Thin.ttf */; };
		2C2E582E2CE71F0D008766A8 /* Assets.xcassets in Resources */ = {isa = PBXBuildFile; fileRef = 2C2E57ED2CE71F0D008766A8 /* Assets.xcassets */; };
		2C2E582F2CE71F0D008766A8 /* Color.xcassets in Resources */ = {isa = PBXBuildFile; fileRef = 2C2E57EE2CE71F0D008766A8 /* Color.xcassets */; };
		2C2E58312CE71F0D008766A8 /* Image.xcassets in Resources */ = {isa = PBXBuildFile; fileRef = 2C2E57F02CE71F0D008766A8 /* Image.xcassets */; };
		2C6D8CE12CEB13F3001B8F08 /* GroupChatView.swift in Sources */ = {isa = PBXBuildFile; fileRef = 2C6D8CE02CEB13F3001B8F08 /* GroupChatView.swift */; };
		2C6D8CE32CEB14A6001B8F08 /* CustomBackButton.swift in Sources */ = {isa = PBXBuildFile; fileRef = 2C6D8CE22CEB14A6001B8F08 /* CustomBackButton.swift */; };
		2C6D8CE52CEB18A0001B8F08 /* CustomPadding.swift in Sources */ = {isa = PBXBuildFile; fileRef = 2C6D8CE42CEB18A0001B8F08 /* CustomPadding.swift */; };
		2CB1BF4B2CE725B000CA6A26 /* Alamofire in Frameworks */ = {isa = PBXBuildFile; productRef = 2CB1BF4A2CE725B000CA6A26 /* Alamofire */; };
		2CB1BF502CE725D000CA6A26 /* KeychainSwift in Frameworks */ = {isa = PBXBuildFile; productRef = 2CB1BF4F2CE725D000CA6A26 /* KeychainSwift */; };
		2CB1BF532CE725DF00CA6A26 /* MarkdownUI in Frameworks */ = {isa = PBXBuildFile; productRef = 2CB1BF522CE725DF00CA6A26 /* MarkdownUI */; };
		2CBE30692CEDB97700066EB5 /* XMarkButton.swift in Sources */ = {isa = PBXBuildFile; fileRef = 2CBE30682CEDB97700066EB5 /* XMarkButton.swift */; };
		2CBE30702CEDBE6C00066EB5 /* FriendProfileView.swift in Sources */ = {isa = PBXBuildFile; fileRef = 2CBE306E2CEDBE6C00066EB5 /* FriendProfileView.swift */; };
		2CBE30712CEDBE6C00066EB5 /* MyProfileView.swift in Sources */ = {isa = PBXBuildFile; fileRef = 2CBE306F2CEDBE6C00066EB5 /* MyProfileView.swift */; };
		2CBEEB3F2CEB001B001CE6ED /* GroupChatListView.swift in Sources */ = {isa = PBXBuildFile; fileRef = 2CBEEB3E2CEB001B001CE6ED /* GroupChatListView.swift */; };
		2CFB663D2CEF843E0079B06A /* ChatViewModel.swift in Sources */ = {isa = PBXBuildFile; fileRef = 2CFB663C2CEF843E0079B06A /* ChatViewModel.swift */; };
		2CFB66402CEF84670079B06A /* SocketIO in Frameworks */ = {isa = PBXBuildFile; productRef = 2CFB663F2CEF84670079B06A /* SocketIO */; };
		50241F922CEB8D10002014EF /* PrivateChatListView.swift in Sources */ = {isa = PBXBuildFile; fileRef = 50241F912CEB8D10002014EF /* PrivateChatListView.swift */; };
		50241F942CEB8D1B002014EF /* PrivateChatView.swift in Sources */ = {isa = PBXBuildFile; fileRef = 50241F932CEB8D1B002014EF /* PrivateChatView.swift */; };
		507B762D2CF0432200C1B7AE /* sampleRoungeData.swift in Sources */ = {isa = PBXBuildFile; fileRef = 507B762C2CF0432200C1B7AE /* sampleRoungeData.swift */; };
		50A7A87C2CEEC220002EF75F /* MyPostsView.swift in Sources */ = {isa = PBXBuildFile; fileRef = 50A7A87A2CEEC220002EF75F /* MyPostsView.swift */; };
		50A7A87E2CEEC22A002EF75F /* MyRecruitingTeamsView.swift in Sources */ = {isa = PBXBuildFile; fileRef = 50A7A87D2CEEC22A002EF75F /* MyRecruitingTeamsView.swift */; };
		50A7A8802CEEC236002EF75F /* MyAppliedTeamsView.swift in Sources */ = {isa = PBXBuildFile; fileRef = 50A7A87F2CEEC236002EF75F /* MyAppliedTeamsView.swift */; };
		50A7A8822CEECE6E002EF75F /* TeamDetailView.swift in Sources */ = {isa = PBXBuildFile; fileRef = 50A7A8812CEECE6E002EF75F /* TeamDetailView.swift */; };
		770C29DE2CEF0D2C005C7844 /* ImagePicker.swift in Sources */ = {isa = PBXBuildFile; fileRef = 770C29DD2CEF0D2C005C7844 /* ImagePicker.swift */; };
		770C29E02CF05E01005C7844 /* MyBookmarksView.swift in Sources */ = {isa = PBXBuildFile; fileRef = 770C29DF2CF05E01005C7844 /* MyBookmarksView.swift */; };
		770E953F2CE722E500761A03 /* BackButton.swift in Sources */ = {isa = PBXBuildFile; fileRef = 770E953E2CE722E500761A03 /* BackButton.swift */; };
		770E95412CE7232E00761A03 /* CustomFont.swift in Sources */ = {isa = PBXBuildFile; fileRef = 770E95402CE7232E00761A03 /* CustomFont.swift */; };
		771306DD2CEB1CAC00D47BD5 /* TextEditorView.swift in Sources */ = {isa = PBXBuildFile; fileRef = 771306DC2CEB1CAC00D47BD5 /* TextEditorView.swift */; };
		771306DF2CEB1DB900D47BD5 /* CustomMarkdownView.swift in Sources */ = {isa = PBXBuildFile; fileRef = 771306DE2CEB1DB900D47BD5 /* CustomMarkdownView.swift */; };
		7793F1842CEC1A28007595D4 /* CategorySelectedView.swift in Sources */ = {isa = PBXBuildFile; fileRef = 7793F1832CEC1A28007595D4 /* CategorySelectedView.swift */; };
		7793F1862CEC2F03007595D4 /* ToggleButtonView.swift in Sources */ = {isa = PBXBuildFile; fileRef = 7793F1852CEC2F03007595D4 /* ToggleButtonView.swift */; };
		7793F1882CEC6534007595D4 /* TagView.swift in Sources */ = {isa = PBXBuildFile; fileRef = 7793F1872CEC6534007595D4 /* TagView.swift */; };
		7793F18C2CEC6B46007595D4 /* EditView.swift in Sources */ = {isa = PBXBuildFile; fileRef = 7793F18B2CEC6B46007595D4 /* EditView.swift */; };
		77EA83F32CED64FB00483731 /* XMarkButton.swift in Sources */ = {isa = PBXBuildFile; fileRef = 77EA83F22CED64FB00483731 /* XMarkButton.swift */; };
		EB45716F2CE9CFF5002C9166 /* AuthManager.swift in Sources */ = {isa = PBXBuildFile; fileRef = EB45716E2CE9CFF5002C9166 /* AuthManager.swift */; };
		EB4571732CE9D028002C9166 /* StartTeamupView.swift in Sources */ = {isa = PBXBuildFile; fileRef = EB4571722CE9D028002C9166 /* StartTeamupView.swift */; };
		EB4571752CE9D030002C9166 /* TextFieldView.swift in Sources */ = {isa = PBXBuildFile; fileRef = EB4571742CE9D030002C9166 /* TextFieldView.swift */; };
		EBA041E92CEEC68F0031E738 /* AnnouncementViewModel.swift in Sources */ = {isa = PBXBuildFile; fileRef = EBA041E82CEEC68F0031E738 /* AnnouncementViewModel.swift */; };
		EBB25C9F2CEB12700018A139 /* SignUpPasswordView.swift in Sources */ = {isa = PBXBuildFile; fileRef = EBB25C9E2CEB12700018A139 /* SignUpPasswordView.swift */; };
		EBE645DE2CEB82BE0033426B /* SignUpNicknameView.swift in Sources */ = {isa = PBXBuildFile; fileRef = EBE645DD2CEB82BE0033426B /* SignUpNicknameView.swift */; };
		F6CFC5BB2CEB2429003C0087 /* PostModel.swift in Sources */ = {isa = PBXBuildFile; fileRef = F6CFC5BA2CEB241D003C0087 /* PostModel.swift */; };
		F6CFC5BD2CEB2488003C0087 /* CustomSearchBar.swift in Sources */ = {isa = PBXBuildFile; fileRef = F6CFC5BC2CEB247D003C0087 /* CustomSearchBar.swift */; };
		F6CFC5BF2CEB24F4003C0087 /* ListRowView.swift in Sources */ = {isa = PBXBuildFile; fileRef = F6CFC5BE2CEB24EC003C0087 /* ListRowView.swift */; };
		F6CFC5C12CEB256B003C0087 /* RoungeModel.swift in Sources */ = {isa = PBXBuildFile; fileRef = F6CFC5C02CEB2563003C0087 /* RoungeModel.swift */; };
		F6CFC5C32CEB2C38003C0087 /* HomeLoungeDetailView.swift in Sources */ = {isa = PBXBuildFile; fileRef = F6CFC5C22CEB2C32003C0087 /* HomeLoungeDetailView.swift */; };
		F6CFC5C92CEB4803003C0087 /* HomeLoungeDetailContentView.swift in Sources */ = {isa = PBXBuildFile; fileRef = F6CFC5C82CEB4803003C0087 /* HomeLoungeDetailContentView.swift */; };
		FE2061402CE951380001FCD1 /* InformationModel.swift in Sources */ = {isa = PBXBuildFile; fileRef = FE20613F2CE951380001FCD1 /* InformationModel.swift */; };
		FE2061452CE95AAF0001FCD1 /* ViewBackButton.swift in Sources */ = {isa = PBXBuildFile; fileRef = FE2061442CE95AAF0001FCD1 /* ViewBackButton.swift */; };
		FE2061482CE9612F0001FCD1 /* CustomBackButtonModifier.swift in Sources */ = {isa = PBXBuildFile; fileRef = FE2061472CE9612F0001FCD1 /* CustomBackButtonModifier.swift */; };
		FE20614E2CE969070001FCD1 /* QuestionView.swift in Sources */ = {isa = PBXBuildFile; fileRef = FE20614D2CE969070001FCD1 /* QuestionView.swift */; };
		FE2061502CE96DF30001FCD1 /* ExpandedDividerWithVStackView.swift in Sources */ = {isa = PBXBuildFile; fileRef = FE20614F2CE96DF30001FCD1 /* ExpandedDividerWithVStackView.swift */; };
		FE2061562CE991320001FCD1 /* TermsAndConditionsView.swift in Sources */ = {isa = PBXBuildFile; fileRef = FE2061552CE991320001FCD1 /* TermsAndConditionsView.swift */; };
		FE2061582CE992D90001FCD1 /* PrivacyPolicyView.swift in Sources */ = {isa = PBXBuildFile; fileRef = FE2061572CE992D90001FCD1 /* PrivacyPolicyView.swift */; };
		FE3F76A52CEE541400137A99 /* PostViewModel.swift in Sources */ = {isa = PBXBuildFile; fileRef = FE3F76A42CEE541400137A99 /* PostViewModel.swift */; };
		FE5914FD2CF39C1E001096C5 /* ChatRoomViewModel.swift in Sources */ = {isa = PBXBuildFile; fileRef = FE5914FC2CF39C1E001096C5 /* ChatRoomViewModel.swift */; };
		FE7836EE2CEB385F00EF5569 /* Config.xcconfig in Resources */ = {isa = PBXBuildFile; fileRef = FE7836ED2CEB385F00EF5569 /* Config.xcconfig */; };
		FE9F24542CEF656E003217F0 /* ApplicationViewModel.swift in Sources */ = {isa = PBXBuildFile; fileRef = FE9F24532CEF656E003217F0 /* ApplicationViewModel.swift */; };
/* End PBXBuildFile section */

/* Begin PBXFileReference section */
		2C2E57832CE71E8B008766A8 /* TeamUP.app */ = {isa = PBXFileReference; explicitFileType = wrapper.application; includeInIndex = 0; path = TeamUP.app; sourceTree = BUILT_PRODUCTS_DIR; };
		2C2E57E42CE71F0D008766A8 /* Pretendard-Bold.ttf */ = {isa = PBXFileReference; lastKnownFileType = file; path = "Pretendard-Bold.ttf"; sourceTree = "<group>"; };
		2C2E57E72CE71F0D008766A8 /* Pretendard-Light.ttf */ = {isa = PBXFileReference; lastKnownFileType = file; path = "Pretendard-Light.ttf"; sourceTree = "<group>"; };
		2C2E57E82CE71F0D008766A8 /* Pretendard-Medium.ttf */ = {isa = PBXFileReference; lastKnownFileType = file; path = "Pretendard-Medium.ttf"; sourceTree = "<group>"; };
		2C2E57E92CE71F0D008766A8 /* Pretendard-Regular.ttf */ = {isa = PBXFileReference; lastKnownFileType = file; path = "Pretendard-Regular.ttf"; sourceTree = "<group>"; };
		2C2E57EA2CE71F0D008766A8 /* Pretendard-SemiBold.ttf */ = {isa = PBXFileReference; lastKnownFileType = file; path = "Pretendard-SemiBold.ttf"; sourceTree = "<group>"; };
		2C2E57EB2CE71F0D008766A8 /* Pretendard-Thin.ttf */ = {isa = PBXFileReference; lastKnownFileType = file; path = "Pretendard-Thin.ttf"; sourceTree = "<group>"; };
		2C2E57ED2CE71F0D008766A8 /* Assets.xcassets */ = {isa = PBXFileReference; lastKnownFileType = folder.assetcatalog; path = Assets.xcassets; sourceTree = "<group>"; };
		2C2E57EE2CE71F0D008766A8 /* Color.xcassets */ = {isa = PBXFileReference; lastKnownFileType = folder.assetcatalog; path = Color.xcassets; sourceTree = "<group>"; };
		2C2E57F02CE71F0D008766A8 /* Image.xcassets */ = {isa = PBXFileReference; lastKnownFileType = folder.assetcatalog; path = Image.xcassets; sourceTree = "<group>"; };
		2C2E57F22CE71F0D008766A8 /* UserModel.swift */ = {isa = PBXFileReference; lastKnownFileType = sourcecode.swift; path = UserModel.swift; sourceTree = "<group>"; };
		2C2E57F42CE71F0D008766A8 /* MainService.swift */ = {isa = PBXFileReference; lastKnownFileType = sourcecode.swift; path = MainService.swift; sourceTree = "<group>"; };
		2C2E57F62CE71F0D008766A8 /* LoginView.swift */ = {isa = PBXFileReference; lastKnownFileType = sourcecode.swift; path = LoginView.swift; sourceTree = "<group>"; };
		2C2E57F82CE71F0D008766A8 /* SignUPView.swift */ = {isa = PBXFileReference; lastKnownFileType = sourcecode.swift; path = SignUPView.swift; sourceTree = "<group>"; };
		2C2E57FB2CE71F0D008766A8 /* ChatSelectView.swift */ = {isa = PBXFileReference; lastKnownFileType = sourcecode.swift; path = ChatSelectView.swift; sourceTree = "<group>"; };
		2C2E57FD2CE71F0D008766A8 /* HomeView.swift */ = {isa = PBXFileReference; lastKnownFileType = sourcecode.swift; path = HomeView.swift; sourceTree = "<group>"; };
		2C2E57FF2CE71F0D008766A8 /* LoungeView.swift */ = {isa = PBXFileReference; lastKnownFileType = sourcecode.swift; path = LoungeView.swift; sourceTree = "<group>"; };
		2C2E58012CE71F0D008766A8 /* PostView.swift */ = {isa = PBXFileReference; lastKnownFileType = sourcecode.swift; path = PostView.swift; sourceTree = "<group>"; };
		2C2E58052CE71F0D008766A8 /* MainTabView.swift */ = {isa = PBXFileReference; lastKnownFileType = sourcecode.swift; path = MainTabView.swift; sourceTree = "<group>"; };
		2C2E58062CE71F0D008766A8 /* TabBar.swift */ = {isa = PBXFileReference; lastKnownFileType = sourcecode.swift; path = TabBar.swift; sourceTree = "<group>"; };
		2C2E580C2CE71F0D008766A8 /* RoundedCorner.swift */ = {isa = PBXFileReference; lastKnownFileType = sourcecode.swift; path = RoundedCorner.swift; sourceTree = "<group>"; };
		2C2E58132CE71F0D008766A8 /* ProjectMoyoApp.swift */ = {isa = PBXFileReference; lastKnownFileType = sourcecode.swift; path = ProjectMoyoApp.swift; sourceTree = "<group>"; };
		2C6D8CE02CEB13F3001B8F08 /* GroupChatView.swift */ = {isa = PBXFileReference; lastKnownFileType = sourcecode.swift; path = GroupChatView.swift; sourceTree = "<group>"; };
		2C6D8CE22CEB14A6001B8F08 /* CustomBackButton.swift */ = {isa = PBXFileReference; lastKnownFileType = sourcecode.swift; path = CustomBackButton.swift; sourceTree = "<group>"; };
		2C6D8CE42CEB18A0001B8F08 /* CustomPadding.swift */ = {isa = PBXFileReference; lastKnownFileType = sourcecode.swift; path = CustomPadding.swift; sourceTree = "<group>"; };
		2CBE30682CEDB97700066EB5 /* XMarkButton.swift */ = {isa = PBXFileReference; lastKnownFileType = sourcecode.swift; path = XMarkButton.swift; sourceTree = "<group>"; };
		2CBE306E2CEDBE6C00066EB5 /* FriendProfileView.swift */ = {isa = PBXFileReference; lastKnownFileType = sourcecode.swift; path = FriendProfileView.swift; sourceTree = "<group>"; };
		2CBE306F2CEDBE6C00066EB5 /* MyProfileView.swift */ = {isa = PBXFileReference; lastKnownFileType = sourcecode.swift; path = MyProfileView.swift; sourceTree = "<group>"; };
		2CBEEB3E2CEB001B001CE6ED /* GroupChatListView.swift */ = {isa = PBXFileReference; lastKnownFileType = sourcecode.swift; path = GroupChatListView.swift; sourceTree = "<group>"; };
		2CFB663C2CEF843E0079B06A /* ChatViewModel.swift */ = {isa = PBXFileReference; lastKnownFileType = sourcecode.swift; path = ChatViewModel.swift; sourceTree = "<group>"; };
		50241F912CEB8D10002014EF /* PrivateChatListView.swift */ = {isa = PBXFileReference; lastKnownFileType = sourcecode.swift; path = PrivateChatListView.swift; sourceTree = "<group>"; };
		50241F932CEB8D1B002014EF /* PrivateChatView.swift */ = {isa = PBXFileReference; lastKnownFileType = sourcecode.swift; path = PrivateChatView.swift; sourceTree = "<group>"; };
		507B762C2CF0432200C1B7AE /* sampleRoungeData.swift */ = {isa = PBXFileReference; lastKnownFileType = sourcecode.swift; path = sampleRoungeData.swift; sourceTree = "<group>"; };
		50A7A87A2CEEC220002EF75F /* MyPostsView.swift */ = {isa = PBXFileReference; lastKnownFileType = sourcecode.swift; path = MyPostsView.swift; sourceTree = "<group>"; };
		50A7A87D2CEEC22A002EF75F /* MyRecruitingTeamsView.swift */ = {isa = PBXFileReference; lastKnownFileType = sourcecode.swift; path = MyRecruitingTeamsView.swift; sourceTree = "<group>"; };
		50A7A87F2CEEC236002EF75F /* MyAppliedTeamsView.swift */ = {isa = PBXFileReference; lastKnownFileType = sourcecode.swift; path = MyAppliedTeamsView.swift; sourceTree = "<group>"; };
		50A7A8812CEECE6E002EF75F /* TeamDetailView.swift */ = {isa = PBXFileReference; lastKnownFileType = sourcecode.swift; path = TeamDetailView.swift; sourceTree = "<group>"; };
		770C29DD2CEF0D2C005C7844 /* ImagePicker.swift */ = {isa = PBXFileReference; lastKnownFileType = sourcecode.swift; path = ImagePicker.swift; sourceTree = "<group>"; };
		770C29DF2CF05E01005C7844 /* MyBookmarksView.swift */ = {isa = PBXFileReference; lastKnownFileType = sourcecode.swift; path = MyBookmarksView.swift; sourceTree = "<group>"; };
		770E953E2CE722E500761A03 /* BackButton.swift */ = {isa = PBXFileReference; lastKnownFileType = sourcecode.swift; path = BackButton.swift; sourceTree = "<group>"; };
		770E95402CE7232E00761A03 /* CustomFont.swift */ = {isa = PBXFileReference; lastKnownFileType = sourcecode.swift; path = CustomFont.swift; sourceTree = "<group>"; };
		770E95422CE724A700761A03 /* Info.plist */ = {isa = PBXFileReference; lastKnownFileType = text.plist; path = Info.plist; sourceTree = "<group>"; };
		771306DC2CEB1CAC00D47BD5 /* TextEditorView.swift */ = {isa = PBXFileReference; lastKnownFileType = sourcecode.swift; path = TextEditorView.swift; sourceTree = "<group>"; };
		771306DE2CEB1DB900D47BD5 /* CustomMarkdownView.swift */ = {isa = PBXFileReference; lastKnownFileType = sourcecode.swift; path = CustomMarkdownView.swift; sourceTree = "<group>"; };
		7793F1832CEC1A28007595D4 /* CategorySelectedView.swift */ = {isa = PBXFileReference; lastKnownFileType = sourcecode.swift; path = CategorySelectedView.swift; sourceTree = "<group>"; };
		7793F1852CEC2F03007595D4 /* ToggleButtonView.swift */ = {isa = PBXFileReference; lastKnownFileType = sourcecode.swift; path = ToggleButtonView.swift; sourceTree = "<group>"; };
		7793F1872CEC6534007595D4 /* TagView.swift */ = {isa = PBXFileReference; lastKnownFileType = sourcecode.swift; path = TagView.swift; sourceTree = "<group>"; };
		7793F18B2CEC6B46007595D4 /* EditView.swift */ = {isa = PBXFileReference; lastKnownFileType = sourcecode.swift; path = EditView.swift; sourceTree = "<group>"; };
		77EA83F22CED64FB00483731 /* XMarkButton.swift */ = {isa = PBXFileReference; lastKnownFileType = sourcecode.swift; path = XMarkButton.swift; sourceTree = "<group>"; };
		EB45716E2CE9CFF5002C9166 /* AuthManager.swift */ = {isa = PBXFileReference; lastKnownFileType = sourcecode.swift; path = AuthManager.swift; sourceTree = "<group>"; };
		EB4571722CE9D028002C9166 /* StartTeamupView.swift */ = {isa = PBXFileReference; lastKnownFileType = sourcecode.swift; path = StartTeamupView.swift; sourceTree = "<group>"; };
		EB4571742CE9D030002C9166 /* TextFieldView.swift */ = {isa = PBXFileReference; lastKnownFileType = sourcecode.swift; path = TextFieldView.swift; sourceTree = "<group>"; };
		EBA041E82CEEC68F0031E738 /* AnnouncementViewModel.swift */ = {isa = PBXFileReference; lastKnownFileType = sourcecode.swift; path = AnnouncementViewModel.swift; sourceTree = "<group>"; };
		EBB25C9E2CEB12700018A139 /* SignUpPasswordView.swift */ = {isa = PBXFileReference; lastKnownFileType = sourcecode.swift; path = SignUpPasswordView.swift; sourceTree = "<group>"; };
		EBE645DD2CEB82BE0033426B /* SignUpNicknameView.swift */ = {isa = PBXFileReference; lastKnownFileType = sourcecode.swift; path = SignUpNicknameView.swift; sourceTree = "<group>"; };
		F6CFC5BA2CEB241D003C0087 /* PostModel.swift */ = {isa = PBXFileReference; lastKnownFileType = sourcecode.swift; path = PostModel.swift; sourceTree = "<group>"; };
		F6CFC5BC2CEB247D003C0087 /* CustomSearchBar.swift */ = {isa = PBXFileReference; lastKnownFileType = sourcecode.swift; path = CustomSearchBar.swift; sourceTree = "<group>"; };
		F6CFC5BE2CEB24EC003C0087 /* ListRowView.swift */ = {isa = PBXFileReference; lastKnownFileType = sourcecode.swift; path = ListRowView.swift; sourceTree = "<group>"; };
		F6CFC5C02CEB2563003C0087 /* RoungeModel.swift */ = {isa = PBXFileReference; lastKnownFileType = sourcecode.swift; path = RoungeModel.swift; sourceTree = "<group>"; };
		F6CFC5C22CEB2C32003C0087 /* HomeLoungeDetailView.swift */ = {isa = PBXFileReference; lastKnownFileType = sourcecode.swift; path = HomeLoungeDetailView.swift; sourceTree = "<group>"; };
		F6CFC5C82CEB4803003C0087 /* HomeLoungeDetailContentView.swift */ = {isa = PBXFileReference; lastKnownFileType = sourcecode.swift; path = HomeLoungeDetailContentView.swift; sourceTree = "<group>"; };
		FE20613F2CE951380001FCD1 /* InformationModel.swift */ = {isa = PBXFileReference; lastKnownFileType = sourcecode.swift; path = InformationModel.swift; sourceTree = "<group>"; };
		FE2061442CE95AAF0001FCD1 /* ViewBackButton.swift */ = {isa = PBXFileReference; lastKnownFileType = sourcecode.swift; path = ViewBackButton.swift; sourceTree = "<group>"; };
		FE2061472CE9612F0001FCD1 /* CustomBackButtonModifier.swift */ = {isa = PBXFileReference; lastKnownFileType = sourcecode.swift; path = CustomBackButtonModifier.swift; sourceTree = "<group>"; };
		FE20614D2CE969070001FCD1 /* QuestionView.swift */ = {isa = PBXFileReference; lastKnownFileType = sourcecode.swift; path = QuestionView.swift; sourceTree = "<group>"; };
		FE20614F2CE96DF30001FCD1 /* ExpandedDividerWithVStackView.swift */ = {isa = PBXFileReference; lastKnownFileType = sourcecode.swift; path = ExpandedDividerWithVStackView.swift; sourceTree = "<group>"; };
		FE2061552CE991320001FCD1 /* TermsAndConditionsView.swift */ = {isa = PBXFileReference; lastKnownFileType = sourcecode.swift; path = TermsAndConditionsView.swift; sourceTree = "<group>"; };
		FE2061572CE992D90001FCD1 /* PrivacyPolicyView.swift */ = {isa = PBXFileReference; lastKnownFileType = sourcecode.swift; path = PrivacyPolicyView.swift; sourceTree = "<group>"; };
		FE3F76A42CEE541400137A99 /* PostViewModel.swift */ = {isa = PBXFileReference; lastKnownFileType = sourcecode.swift; path = PostViewModel.swift; sourceTree = "<group>"; };
		FE5914FC2CF39C1E001096C5 /* ChatRoomViewModel.swift */ = {isa = PBXFileReference; lastKnownFileType = sourcecode.swift; path = ChatRoomViewModel.swift; sourceTree = "<group>"; };
		FE7836ED2CEB385F00EF5569 /* Config.xcconfig */ = {isa = PBXFileReference; lastKnownFileType = text.xcconfig; path = Config.xcconfig; sourceTree = "<group>"; };
		FE9F24532CEF656E003217F0 /* ApplicationViewModel.swift */ = {isa = PBXFileReference; lastKnownFileType = sourcecode.swift; path = ApplicationViewModel.swift; sourceTree = "<group>"; };
/* End PBXFileReference section */

/* Begin PBXFrameworksBuildPhase section */
		2C2E57802CE71E8B008766A8 /* Frameworks */ = {
			isa = PBXFrameworksBuildPhase;
			buildActionMask = 2147483647;
			files = (
				2CB1BF532CE725DF00CA6A26 /* MarkdownUI in Frameworks */,
				2CFB66402CEF84670079B06A /* SocketIO in Frameworks */,
				2CB1BF502CE725D000CA6A26 /* KeychainSwift in Frameworks */,
				2CB1BF4B2CE725B000CA6A26 /* Alamofire in Frameworks */,
			);
			runOnlyForDeploymentPostprocessing = 0;
		};
/* End PBXFrameworksBuildPhase section */

/* Begin PBXGroup section */
		2C2E577A2CE71E8B008766A8 = {
			isa = PBXGroup;
			children = (
				2C2E58152CE71F0D008766A8 /* TeamUP */,
				2C2E57842CE71E8B008766A8 /* Products */,
				7793F1802CEC1514007595D4 /* Recovered References */,
			);
			sourceTree = "<group>";
		};
		2C2E57842CE71E8B008766A8 /* Products */ = {
			isa = PBXGroup;
			children = (
				2C2E57832CE71E8B008766A8 /* TeamUP.app */,
			);
			name = Products;
			sourceTree = "<group>";
		};
		2C2E57EC2CE71F0D008766A8 /* Font */ = {
			isa = PBXGroup;
			children = (
				2C2E57E42CE71F0D008766A8 /* Pretendard-Bold.ttf */,
				2C2E57E72CE71F0D008766A8 /* Pretendard-Light.ttf */,
				2C2E57E82CE71F0D008766A8 /* Pretendard-Medium.ttf */,
				2C2E57E92CE71F0D008766A8 /* Pretendard-Regular.ttf */,
				2C2E57EA2CE71F0D008766A8 /* Pretendard-SemiBold.ttf */,
				2C2E57EB2CE71F0D008766A8 /* Pretendard-Thin.ttf */,
			);
			path = Font;
			sourceTree = "<group>";
		};
		2C2E57F12CE71F0D008766A8 /* Resource */ = {
			isa = PBXGroup;
			children = (
				2C2E57EC2CE71F0D008766A8 /* Font */,
				2C2E57ED2CE71F0D008766A8 /* Assets.xcassets */,
				2C2E57EE2CE71F0D008766A8 /* Color.xcassets */,
				2C2E57F02CE71F0D008766A8 /* Image.xcassets */,
			);
			path = Resource;
			sourceTree = "<group>";
		};
		2C2E57F32CE71F0D008766A8 /* Model */ = {
			isa = PBXGroup;
			children = (
				F6CFC5C02CEB2563003C0087 /* RoungeModel.swift */,
				F6CFC5BA2CEB241D003C0087 /* PostModel.swift */,
				FE20613D2CE951120001FCD1 /* Profile */,
				2C2E57F22CE71F0D008766A8 /* UserModel.swift */,
			);
			path = Model;
			sourceTree = "<group>";
		};
		2C2E57F52CE71F0D008766A8 /* Network */ = {
			isa = PBXGroup;
			children = (
				2C2E57F42CE71F0D008766A8 /* MainService.swift */,
			);
			path = Network;
			sourceTree = "<group>";
		};
		2C2E57F72CE71F0D008766A8 /* SignIn */ = {
			isa = PBXGroup;
			children = (
				2C2E57F62CE71F0D008766A8 /* LoginView.swift */,
			);
			path = SignIn;
			sourceTree = "<group>";
		};
		2C2E57F92CE71F0D008766A8 /* SignUP */ = {
			isa = PBXGroup;
			children = (
				EB4571742CE9D030002C9166 /* TextFieldView.swift */,
				EB4571722CE9D028002C9166 /* StartTeamupView.swift */,
				2C2E57F82CE71F0D008766A8 /* SignUPView.swift */,
				EBB25C9E2CEB12700018A139 /* SignUpPasswordView.swift */,
				EBE645DD2CEB82BE0033426B /* SignUpNicknameView.swift */,
			);
			path = SignUP;
			sourceTree = "<group>";
		};
		2C2E57FA2CE71F0D008766A8 /* Authorization */ = {
			isa = PBXGroup;
			children = (
				2C2E57F72CE71F0D008766A8 /* SignIn */,
				2C2E57F92CE71F0D008766A8 /* SignUP */,
			);
			path = Authorization;
			sourceTree = "<group>";
		};
		2C2E57FC2CE71F0D008766A8 /* Chat */ = {
			isa = PBXGroup;
			children = (
				2C2E57FB2CE71F0D008766A8 /* ChatSelectView.swift */,
				50241F912CEB8D10002014EF /* PrivateChatListView.swift */,
				50241F932CEB8D1B002014EF /* PrivateChatView.swift */,
				2CBEEB3E2CEB001B001CE6ED /* GroupChatListView.swift */,
				2C6D8CE02CEB13F3001B8F08 /* GroupChatView.swift */,
				2C6D8CE22CEB14A6001B8F08 /* CustomBackButton.swift */,
			);
			path = Chat;
			sourceTree = "<group>";
		};
		2C2E57FE2CE71F0D008766A8 /* Home */ = {
			isa = PBXGroup;
			children = (
				2C2E57FD2CE71F0D008766A8 /* HomeView.swift */,
			);
			path = Home;
			sourceTree = "<group>";
		};
		2C2E58002CE71F0D008766A8 /* Lounge */ = {
			isa = PBXGroup;
			children = (
				2C2E57FF2CE71F0D008766A8 /* LoungeView.swift */,
				507B762C2CF0432200C1B7AE /* sampleRoungeData.swift */,
			);
			path = Lounge;
			sourceTree = "<group>";
		};
		2C2E58022CE71F0D008766A8 /* Post */ = {
			isa = PBXGroup;
			children = (
				2C2E58012CE71F0D008766A8 /* PostView.swift */,
				771306DC2CEB1CAC00D47BD5 /* TextEditorView.swift */,
				771306DE2CEB1DB900D47BD5 /* CustomMarkdownView.swift */,
				7793F1832CEC1A28007595D4 /* CategorySelectedView.swift */,
				7793F1852CEC2F03007595D4 /* ToggleButtonView.swift */,
				7793F1872CEC6534007595D4 /* TagView.swift */,
			);
			path = Post;
			sourceTree = "<group>";
		};
		2C2E58042CE71F0D008766A8 /* Profile */ = {
			isa = PBXGroup;
			children = (
				2CBE306E2CEDBE6C00066EB5 /* FriendProfileView.swift */,
				2CBE306F2CEDBE6C00066EB5 /* MyProfileView.swift */,
				50A7A87B2CEEC220002EF75F /* MyPostTeam */,
				7793F18A2CEC6B32007595D4 /* Edit */,
				FE2061542CE990F80001FCD1 /* Policies */,
				FE20614C2CE968E40001FCD1 /* Question */,
			);
			path = Profile;
			sourceTree = "<group>";
		};
		2C2E58072CE71F0D008766A8 /* Tab */ = {
			isa = PBXGroup;
			children = (
				2C2E58052CE71F0D008766A8 /* MainTabView.swift */,
				2C2E58062CE71F0D008766A8 /* TabBar.swift */,
			);
			path = Tab;
			sourceTree = "<group>";
		};
		2C2E58082CE71F0D008766A8 /* View */ = {
			isa = PBXGroup;
			children = (
				2C2E58072CE71F0D008766A8 /* Tab */,
				F6CFC5D22CEB718A003C0087 /* HomeLoungeCommon */,
				2C2E57FA2CE71F0D008766A8 /* Authorization */,
				2C2E57FC2CE71F0D008766A8 /* Chat */,
				2C2E57FE2CE71F0D008766A8 /* Home */,
				2C2E58002CE71F0D008766A8 /* Lounge */,
				2C2E58022CE71F0D008766A8 /* Post */,
				2C2E58042CE71F0D008766A8 /* Profile */,
			);
			path = View;
			sourceTree = "<group>";
		};
		2C2E58092CE71F0D008766A8 /* UI */ = {
			isa = PBXGroup;
			children = (
				2C2E58082CE71F0D008766A8 /* View */,
			);
			path = UI;
			sourceTree = "<group>";
		};
		2C2E580D2CE71F0D008766A8 /* Extension */ = {
			isa = PBXGroup;
			children = (
				2C2E580C2CE71F0D008766A8 /* RoundedCorner.swift */,
				770E95402CE7232E00761A03 /* CustomFont.swift */,
				FE2061442CE95AAF0001FCD1 /* ViewBackButton.swift */,
				2C6D8CE42CEB18A0001B8F08 /* CustomPadding.swift */,
			);
			path = Extension;
			sourceTree = "<group>";
		};
		2C2E580E2CE71F0D008766A8 /* Uitl */ = {
			isa = PBXGroup;
			children = (
				FE2061462CE9610A0001FCD1 /* ViewModifier */,
				770E953D2CE722CD00761A03 /* Component */,
				2C2E580D2CE71F0D008766A8 /* Extension */,
			);
			path = Uitl;
			sourceTree = "<group>";
		};
		2C2E58102CE71F0D008766A8 /* ViewModel */ = {
			isa = PBXGroup;
			children = (
				FE5914FC2CF39C1E001096C5 /* ChatRoomViewModel.swift */,
				2CFB663C2CEF843E0079B06A /* ChatViewModel.swift */,
				EB45716E2CE9CFF5002C9166 /* AuthManager.swift */,
				FE3F76A42CEE541400137A99 /* PostViewModel.swift */,
				EBA041E82CEEC68F0031E738 /* AnnouncementViewModel.swift */,
				770C29DD2CEF0D2C005C7844 /* ImagePicker.swift */,
				FE9F24532CEF656E003217F0 /* ApplicationViewModel.swift */,
			);
			path = ViewModel;
			sourceTree = "<group>";
		};
		2C2E58112CE71F0D008766A8 /* Source */ = {
			isa = PBXGroup;
			children = (
				2C2E58332CE71F1B008766A8 /* Application */,
				2C2E580E2CE71F0D008766A8 /* Uitl */,
				2C2E57F32CE71F0D008766A8 /* Model */,
				2C2E58102CE71F0D008766A8 /* ViewModel */,
				2C2E58092CE71F0D008766A8 /* UI */,
				2C2E57F52CE71F0D008766A8 /* Network */,
			);
			path = Source;
			sourceTree = "<group>";
		};
		2C2E58142CE71F0D008766A8 /* TeamUPApp */ = {
			isa = PBXGroup;
			children = (
				2C2E57F12CE71F0D008766A8 /* Resource */,
				2C2E58112CE71F0D008766A8 /* Source */,
			);
			path = TeamUPApp;
			sourceTree = "<group>";
		};
		2C2E58152CE71F0D008766A8 /* TeamUP */ = {
			isa = PBXGroup;
			children = (
				770E95422CE724A700761A03 /* Info.plist */,
				2C2E58142CE71F0D008766A8 /* TeamUPApp */,
			);
			path = TeamUP;
			sourceTree = "<group>";
		};
		2C2E58332CE71F1B008766A8 /* Application */ = {
			isa = PBXGroup;
			children = (
				2C2E58132CE71F0D008766A8 /* ProjectMoyoApp.swift */,
			);
			path = Application;
			sourceTree = "<group>";
		};
		50A7A87B2CEEC220002EF75F /* MyPostTeam */ = {
			isa = PBXGroup;
			children = (
				50A7A87A2CEEC220002EF75F /* MyPostsView.swift */,
				50A7A87D2CEEC22A002EF75F /* MyRecruitingTeamsView.swift */,
				50A7A8812CEECE6E002EF75F /* TeamDetailView.swift */,
				50A7A87F2CEEC236002EF75F /* MyAppliedTeamsView.swift */,
				770C29DF2CF05E01005C7844 /* MyBookmarksView.swift */,
			);
			path = MyPostTeam;
			sourceTree = "<group>";
		};
		770E953D2CE722CD00761A03 /* Component */ = {
			isa = PBXGroup;
			children = (
				2CBE30682CEDB97700066EB5 /* XMarkButton.swift */,
				770E953E2CE722E500761A03 /* BackButton.swift */,
				FE20614F2CE96DF30001FCD1 /* ExpandedDividerWithVStackView.swift */,
				77EA83F22CED64FB00483731 /* XMarkButton.swift */,
			);
			path = Component;
			sourceTree = "<group>";
		};
		7793F1802CEC1514007595D4 /* Recovered References */ = {
			isa = PBXGroup;
			children = (
				FE7836ED2CEB385F00EF5569 /* Config.xcconfig */,
			);
			name = "Recovered References";
			sourceTree = "<group>";
		};
		7793F18A2CEC6B32007595D4 /* Edit */ = {
			isa = PBXGroup;
			children = (
				7793F18B2CEC6B46007595D4 /* EditView.swift */,
			);
			path = Edit;
			sourceTree = "<group>";
		};
		F6CFC5D22CEB718A003C0087 /* HomeLoungeCommon */ = {
			isa = PBXGroup;
			children = (
				F6CFC5BC2CEB247D003C0087 /* CustomSearchBar.swift */,
				F6CFC5BE2CEB24EC003C0087 /* ListRowView.swift */,
				F6CFC5C82CEB4803003C0087 /* HomeLoungeDetailContentView.swift */,
				F6CFC5C22CEB2C32003C0087 /* HomeLoungeDetailView.swift */,
			);
			path = HomeLoungeCommon;
			sourceTree = "<group>";
		};
		FE20613D2CE951120001FCD1 /* Profile */ = {
			isa = PBXGroup;
			children = (
				FE20613E2CE951190001FCD1 /* Announcement */,
			);
			path = Profile;
			sourceTree = "<group>";
		};
		FE20613E2CE951190001FCD1 /* Announcement */ = {
			isa = PBXGroup;
			children = (
				FE20613F2CE951380001FCD1 /* InformationModel.swift */,
			);
			path = Announcement;
			sourceTree = "<group>";
		};
		FE2061462CE9610A0001FCD1 /* ViewModifier */ = {
			isa = PBXGroup;
			children = (
				FE2061472CE9612F0001FCD1 /* CustomBackButtonModifier.swift */,
			);
			path = ViewModifier;
			sourceTree = "<group>";
		};
		FE20614C2CE968E40001FCD1 /* Question */ = {
			isa = PBXGroup;
			children = (
				FE20614D2CE969070001FCD1 /* QuestionView.swift */,
			);
			path = Question;
			sourceTree = "<group>";
		};
		FE2061542CE990F80001FCD1 /* Policies */ = {
			isa = PBXGroup;
			children = (
				FE2061552CE991320001FCD1 /* TermsAndConditionsView.swift */,
				FE2061572CE992D90001FCD1 /* PrivacyPolicyView.swift */,
			);
			path = Policies;
			sourceTree = "<group>";
		};
/* End PBXGroup section */

/* Begin PBXNativeTarget section */
		2C2E57822CE71E8B008766A8 /* TeamUP */ = {
			isa = PBXNativeTarget;
			buildConfigurationList = 2C2E57912CE71E8C008766A8 /* Build configuration list for PBXNativeTarget "TeamUP" */;
			buildPhases = (
				2C2E577F2CE71E8B008766A8 /* Sources */,
				2C2E57802CE71E8B008766A8 /* Frameworks */,
				2C2E57812CE71E8B008766A8 /* Resources */,
			);
			buildRules = (
			);
			dependencies = (
			);
			name = TeamUP;
			packageProductDependencies = (
				2CB1BF4A2CE725B000CA6A26 /* Alamofire */,
				2CB1BF4F2CE725D000CA6A26 /* KeychainSwift */,
				2CB1BF522CE725DF00CA6A26 /* MarkdownUI */,
				2CFB663F2CEF84670079B06A /* SocketIO */,
			);
			productName = TeamUP;
			productReference = 2C2E57832CE71E8B008766A8 /* TeamUP.app */;
			productType = "com.apple.product-type.application";
		};
/* End PBXNativeTarget section */

/* Begin PBXProject section */
		2C2E577B2CE71E8B008766A8 /* Project object */ = {
			isa = PBXProject;
			attributes = {
				BuildIndependentTargetsInParallel = 1;
				LastSwiftUpdateCheck = 1610;
				LastUpgradeCheck = 1610;
				TargetAttributes = {
					2C2E57822CE71E8B008766A8 = {
						CreatedOnToolsVersion = 16.1;
					};
				};
			};
			buildConfigurationList = 2C2E577E2CE71E8B008766A8 /* Build configuration list for PBXProject "TeamUP" */;
			developmentRegion = en;
			hasScannedForEncodings = 0;
			knownRegions = (
				en,
				Base,
			);
			mainGroup = 2C2E577A2CE71E8B008766A8;
			minimizedProjectReferenceProxies = 1;
			packageReferences = (
				2CB1BF492CE725B000CA6A26 /* XCRemoteSwiftPackageReference "Alamofire" */,
				2CB1BF4E2CE725D000CA6A26 /* XCRemoteSwiftPackageReference "keychain-swift" */,
				2CB1BF512CE725DF00CA6A26 /* XCRemoteSwiftPackageReference "swift-markdown-ui" */,
				2CFB663E2CEF84670079B06A /* XCRemoteSwiftPackageReference "socket.io-client-swift" */,
			);
			preferredProjectObjectVersion = 77;
			productRefGroup = 2C2E57842CE71E8B008766A8 /* Products */;
			projectDirPath = "";
			projectRoot = "";
			targets = (
				2C2E57822CE71E8B008766A8 /* TeamUP */,
			);
		};
/* End PBXProject section */

/* Begin PBXResourcesBuildPhase section */
		2C2E57812CE71E8B008766A8 /* Resources */ = {
			isa = PBXResourcesBuildPhase;
			buildActionMask = 2147483647;
			files = (
				2C2E58262CE71F0D008766A8 /* Pretendard-Bold.ttf in Resources */,
				2C2E58292CE71F0D008766A8 /* Pretendard-Light.ttf in Resources */,
				2C2E582A2CE71F0D008766A8 /* Pretendard-Medium.ttf in Resources */,
				2C2E582B2CE71F0D008766A8 /* Pretendard-Regular.ttf in Resources */,
				2C2E582C2CE71F0D008766A8 /* Pretendard-SemiBold.ttf in Resources */,
				2C2E582D2CE71F0D008766A8 /* Pretendard-Thin.ttf in Resources */,
				FE7836EE2CEB385F00EF5569 /* Config.xcconfig in Resources */,
				2C2E582E2CE71F0D008766A8 /* Assets.xcassets in Resources */,
				2C2E582F2CE71F0D008766A8 /* Color.xcassets in Resources */,
				2C2E58312CE71F0D008766A8 /* Image.xcassets in Resources */,
			);
			runOnlyForDeploymentPostprocessing = 0;
		};
/* End PBXResourcesBuildPhase section */

/* Begin PBXSourcesBuildPhase section */
		2C2E577F2CE71E8B008766A8 /* Sources */ = {
			isa = PBXSourcesBuildPhase;
			buildActionMask = 2147483647;
			files = (
				771306DF2CEB1DB900D47BD5 /* CustomMarkdownView.swift in Sources */,
				2C2E58162CE71F0D008766A8 /* UserModel.swift in Sources */,
				EB45716F2CE9CFF5002C9166 /* AuthManager.swift in Sources */,
				2C6D8CE32CEB14A6001B8F08 /* CustomBackButton.swift in Sources */,
				FE3F76A52CEE541400137A99 /* PostViewModel.swift in Sources */,
				2C2E58172CE71F0D008766A8 /* MainService.swift in Sources */,
				F6CFC5BD2CEB2488003C0087 /* CustomSearchBar.swift in Sources */,
				2C6D8CE12CEB13F3001B8F08 /* GroupChatView.swift in Sources */,
				770E95412CE7232E00761A03 /* CustomFont.swift in Sources */,
				EBE645DE2CEB82BE0033426B /* SignUpNicknameView.swift in Sources */,
				770C29E02CF05E01005C7844 /* MyBookmarksView.swift in Sources */,
				F6CFC5C92CEB4803003C0087 /* HomeLoungeDetailContentView.swift in Sources */,
				2C2E58182CE71F0D008766A8 /* LoginView.swift in Sources */,
				F6CFC5C12CEB256B003C0087 /* RoungeModel.swift in Sources */,
				FE2061502CE96DF30001FCD1 /* ExpandedDividerWithVStackView.swift in Sources */,
				2C2E58192CE71F0D008766A8 /* SignUPView.swift in Sources */,
				EB4571752CE9D030002C9166 /* TextFieldView.swift in Sources */,
				2C2E581A2CE71F0D008766A8 /* ChatSelectView.swift in Sources */,
				FE2061402CE951380001FCD1 /* InformationModel.swift in Sources */,
				7793F1882CEC6534007595D4 /* TagView.swift in Sources */,
				2C2E581B2CE71F0D008766A8 /* HomeView.swift in Sources */,
				50A7A87C2CEEC220002EF75F /* MyPostsView.swift in Sources */,
				50A7A87E2CEEC22A002EF75F /* MyRecruitingTeamsView.swift in Sources */,
				FE2061482CE9612F0001FCD1 /* CustomBackButtonModifier.swift in Sources */,
				50241F922CEB8D10002014EF /* PrivateChatListView.swift in Sources */,
				7793F1842CEC1A28007595D4 /* CategorySelectedView.swift in Sources */,
				50241F942CEB8D1B002014EF /* PrivateChatView.swift in Sources */,
				2CBE30692CEDB97700066EB5 /* XMarkButton.swift in Sources */,
				2C2E581C2CE71F0D008766A8 /* LoungeView.swift in Sources */,
				77EA83F32CED64FB00483731 /* XMarkButton.swift in Sources */,
				F6CFC5BF2CEB24F4003C0087 /* ListRowView.swift in Sources */,
				2C2E581D2CE71F0D008766A8 /* PostView.swift in Sources */,
				FE2061452CE95AAF0001FCD1 /* ViewBackButton.swift in Sources */,
				EBB25C9F2CEB12700018A139 /* SignUpPasswordView.swift in Sources */,
				507B762D2CF0432200C1B7AE /* sampleRoungeData.swift in Sources */,
				2C6D8CE52CEB18A0001B8F08 /* CustomPadding.swift in Sources */,
				770E953F2CE722E500761A03 /* BackButton.swift in Sources */,
				FE2061582CE992D90001FCD1 /* PrivacyPolicyView.swift in Sources */,
				EB4571732CE9D028002C9166 /* StartTeamupView.swift in Sources */,
				2C2E581F2CE71F0D008766A8 /* MainTabView.swift in Sources */,
				F6CFC5C32CEB2C38003C0087 /* HomeLoungeDetailView.swift in Sources */,
				2C2E58202CE71F0D008766A8 /* TabBar.swift in Sources */,
				F6CFC5BB2CEB2429003C0087 /* PostModel.swift in Sources */,
				FE20614E2CE969070001FCD1 /* QuestionView.swift in Sources */,
				FE5914FD2CF39C1E001096C5 /* ChatRoomViewModel.swift in Sources */,
				2C2E58202CE71F0D008766A8 /* TabBar.swift in Sources */,
				7793F1862CEC2F03007595D4 /* ToggleButtonView.swift in Sources */,
				770C29DE2CEF0D2C005C7844 /* ImagePicker.swift in Sources */,
				50A7A8802CEEC236002EF75F /* MyAppliedTeamsView.swift in Sources */,
				50A7A8822CEECE6E002EF75F /* TeamDetailView.swift in Sources */,
				FE9F24542CEF656E003217F0 /* ApplicationViewModel.swift in Sources */,
				2C2E58222CE71F0D008766A8 /* RoundedCorner.swift in Sources */,
				7793F18C2CEC6B46007595D4 /* EditView.swift in Sources */,
				FE2061562CE991320001FCD1 /* TermsAndConditionsView.swift in Sources */,
				2CBEEB3F2CEB001B001CE6ED /* GroupChatListView.swift in Sources */,
				2CFB663D2CEF843E0079B06A /* ChatViewModel.swift in Sources */,
				2C2E58242CE71F0D008766A8 /* ProjectMoyoApp.swift in Sources */,
				2CBE30702CEDBE6C00066EB5 /* FriendProfileView.swift in Sources */,
				EBA041E92CEEC68F0031E738 /* AnnouncementViewModel.swift in Sources */,
				2CBE30712CEDBE6C00066EB5 /* MyProfileView.swift in Sources */,
				771306DD2CEB1CAC00D47BD5 /* TextEditorView.swift in Sources */,
			);
			runOnlyForDeploymentPostprocessing = 0;
		};
/* End PBXSourcesBuildPhase section */

/* Begin XCBuildConfiguration section */
		2C2E578F2CE71E8C008766A8 /* Debug */ = {
			isa = XCBuildConfiguration;
			baseConfigurationReference = FE7836ED2CEB385F00EF5569 /* Config.xcconfig */;
			buildSettings = {
				ALWAYS_SEARCH_USER_PATHS = NO;
				ASSETCATALOG_COMPILER_GENERATE_SWIFT_ASSET_SYMBOL_EXTENSIONS = YES;
				CLANG_ANALYZER_NONNULL = YES;
				CLANG_ANALYZER_NUMBER_OBJECT_CONVERSION = YES_AGGRESSIVE;
				CLANG_CXX_LANGUAGE_STANDARD = "gnu++20";
				CLANG_ENABLE_MODULES = YES;
				CLANG_ENABLE_OBJC_ARC = YES;
				CLANG_ENABLE_OBJC_WEAK = YES;
				CLANG_WARN_BLOCK_CAPTURE_AUTORELEASING = YES;
				CLANG_WARN_BOOL_CONVERSION = YES;
				CLANG_WARN_COMMA = YES;
				CLANG_WARN_CONSTANT_CONVERSION = YES;
				CLANG_WARN_DEPRECATED_OBJC_IMPLEMENTATIONS = YES;
				CLANG_WARN_DIRECT_OBJC_ISA_USAGE = YES_ERROR;
				CLANG_WARN_DOCUMENTATION_COMMENTS = YES;
				CLANG_WARN_EMPTY_BODY = YES;
				CLANG_WARN_ENUM_CONVERSION = YES;
				CLANG_WARN_INFINITE_RECURSION = YES;
				CLANG_WARN_INT_CONVERSION = YES;
				CLANG_WARN_NON_LITERAL_NULL_CONVERSION = YES;
				CLANG_WARN_OBJC_IMPLICIT_RETAIN_SELF = YES;
				CLANG_WARN_OBJC_LITERAL_CONVERSION = YES;
				CLANG_WARN_OBJC_ROOT_CLASS = YES_ERROR;
				CLANG_WARN_QUOTED_INCLUDE_IN_FRAMEWORK_HEADER = YES;
				CLANG_WARN_RANGE_LOOP_ANALYSIS = YES;
				CLANG_WARN_STRICT_PROTOTYPES = YES;
				CLANG_WARN_SUSPICIOUS_MOVE = YES;
				CLANG_WARN_UNGUARDED_AVAILABILITY = YES_AGGRESSIVE;
				CLANG_WARN_UNREACHABLE_CODE = YES;
				CLANG_WARN__DUPLICATE_METHOD_MATCH = YES;
				COPY_PHASE_STRIP = NO;
				DEBUG_INFORMATION_FORMAT = dwarf;
				ENABLE_STRICT_OBJC_MSGSEND = YES;
				ENABLE_TESTABILITY = YES;
				ENABLE_USER_SCRIPT_SANDBOXING = YES;
				GCC_C_LANGUAGE_STANDARD = gnu17;
				GCC_DYNAMIC_NO_PIC = NO;
				GCC_NO_COMMON_BLOCKS = YES;
				GCC_OPTIMIZATION_LEVEL = 0;
				GCC_PREPROCESSOR_DEFINITIONS = (
					"DEBUG=1",
					"$(inherited)",
				);
				GCC_WARN_64_TO_32_BIT_CONVERSION = YES;
				GCC_WARN_ABOUT_RETURN_TYPE = YES_ERROR;
				GCC_WARN_UNDECLARED_SELECTOR = YES;
				GCC_WARN_UNINITIALIZED_AUTOS = YES_AGGRESSIVE;
				GCC_WARN_UNUSED_FUNCTION = YES;
				GCC_WARN_UNUSED_VARIABLE = YES;
				IPHONEOS_DEPLOYMENT_TARGET = 18.1;
				LOCALIZATION_PREFERS_STRING_CATALOGS = YES;
				MTL_ENABLE_DEBUG_INFO = INCLUDE_SOURCE;
				MTL_FAST_MATH = YES;
				ONLY_ACTIVE_ARCH = YES;
				SDKROOT = iphoneos;
				SWIFT_ACTIVE_COMPILATION_CONDITIONS = "DEBUG $(inherited)";
				SWIFT_OPTIMIZATION_LEVEL = "-Onone";
			};
			name = Debug;
		};
		2C2E57902CE71E8C008766A8 /* Release */ = {
			isa = XCBuildConfiguration;
			baseConfigurationReference = FE7836ED2CEB385F00EF5569 /* Config.xcconfig */;
			buildSettings = {
				ALWAYS_SEARCH_USER_PATHS = NO;
				ASSETCATALOG_COMPILER_GENERATE_SWIFT_ASSET_SYMBOL_EXTENSIONS = YES;
				CLANG_ANALYZER_NONNULL = YES;
				CLANG_ANALYZER_NUMBER_OBJECT_CONVERSION = YES_AGGRESSIVE;
				CLANG_CXX_LANGUAGE_STANDARD = "gnu++20";
				CLANG_ENABLE_MODULES = YES;
				CLANG_ENABLE_OBJC_ARC = YES;
				CLANG_ENABLE_OBJC_WEAK = YES;
				CLANG_WARN_BLOCK_CAPTURE_AUTORELEASING = YES;
				CLANG_WARN_BOOL_CONVERSION = YES;
				CLANG_WARN_COMMA = YES;
				CLANG_WARN_CONSTANT_CONVERSION = YES;
				CLANG_WARN_DEPRECATED_OBJC_IMPLEMENTATIONS = YES;
				CLANG_WARN_DIRECT_OBJC_ISA_USAGE = YES_ERROR;
				CLANG_WARN_DOCUMENTATION_COMMENTS = YES;
				CLANG_WARN_EMPTY_BODY = YES;
				CLANG_WARN_ENUM_CONVERSION = YES;
				CLANG_WARN_INFINITE_RECURSION = YES;
				CLANG_WARN_INT_CONVERSION = YES;
				CLANG_WARN_NON_LITERAL_NULL_CONVERSION = YES;
				CLANG_WARN_OBJC_IMPLICIT_RETAIN_SELF = YES;
				CLANG_WARN_OBJC_LITERAL_CONVERSION = YES;
				CLANG_WARN_OBJC_ROOT_CLASS = YES_ERROR;
				CLANG_WARN_QUOTED_INCLUDE_IN_FRAMEWORK_HEADER = YES;
				CLANG_WARN_RANGE_LOOP_ANALYSIS = YES;
				CLANG_WARN_STRICT_PROTOTYPES = YES;
				CLANG_WARN_SUSPICIOUS_MOVE = YES;
				CLANG_WARN_UNGUARDED_AVAILABILITY = YES_AGGRESSIVE;
				CLANG_WARN_UNREACHABLE_CODE = YES;
				CLANG_WARN__DUPLICATE_METHOD_MATCH = YES;
				COPY_PHASE_STRIP = NO;
				DEBUG_INFORMATION_FORMAT = "dwarf-with-dsym";
				ENABLE_NS_ASSERTIONS = NO;
				ENABLE_STRICT_OBJC_MSGSEND = YES;
				ENABLE_USER_SCRIPT_SANDBOXING = YES;
				GCC_C_LANGUAGE_STANDARD = gnu17;
				GCC_NO_COMMON_BLOCKS = YES;
				GCC_WARN_64_TO_32_BIT_CONVERSION = YES;
				GCC_WARN_ABOUT_RETURN_TYPE = YES_ERROR;
				GCC_WARN_UNDECLARED_SELECTOR = YES;
				GCC_WARN_UNINITIALIZED_AUTOS = YES_AGGRESSIVE;
				GCC_WARN_UNUSED_FUNCTION = YES;
				GCC_WARN_UNUSED_VARIABLE = YES;
				IPHONEOS_DEPLOYMENT_TARGET = 18.1;
				LOCALIZATION_PREFERS_STRING_CATALOGS = YES;
				MTL_ENABLE_DEBUG_INFO = NO;
				MTL_FAST_MATH = YES;
				SDKROOT = iphoneos;
				SWIFT_COMPILATION_MODE = wholemodule;
				VALIDATE_PRODUCT = YES;
			};
			name = Release;
		};
		2C2E57922CE71E8C008766A8 /* Debug */ = {
			isa = XCBuildConfiguration;
			buildSettings = {
				ASSETCATALOG_COMPILER_APPICON_NAME = AppIcon;
				ASSETCATALOG_COMPILER_GLOBAL_ACCENT_COLOR_NAME = AccentColor;
				CODE_SIGN_STYLE = Automatic;
				CURRENT_PROJECT_VERSION = 1;
				DEVELOPMENT_ASSET_PATHS = "";
				DEVELOPMENT_TEAM = U4BQZ3AXAA;
				ENABLE_PREVIEWS = YES;
				GENERATE_INFOPLIST_FILE = YES;
				INFOPLIST_FILE = TeamUP/Info.plist;
				INFOPLIST_KEY_UIApplicationSceneManifest_Generation = YES;
				INFOPLIST_KEY_UILaunchScreen_Generation = YES;
				INFOPLIST_KEY_UISupportedInterfaceOrientations = UIInterfaceOrientationPortrait;
				INFOPLIST_KEY_UISupportedInterfaceOrientations_iPad = "UIInterfaceOrientationLandscapeLeft UIInterfaceOrientationLandscapeRight UIInterfaceOrientationPortrait UIInterfaceOrientationPortraitUpsideDown";
				INFOPLIST_KEY_UIUserInterfaceStyle = Light;
				IPHONEOS_DEPLOYMENT_TARGET = 17.0;
				LD_RUNPATH_SEARCH_PATHS = (
					"$(inherited)",
					"@executable_path/Frameworks",
				);
				MARKETING_VERSION = 1.0;
				PRODUCT_BUNDLE_IDENTIFIER = com.sueunal.com.TeamUP;
				PRODUCT_NAME = "$(TARGET_NAME)";
				SUPPORTED_PLATFORMS = "iphoneos iphonesimulator";
				SUPPORTS_MACCATALYST = NO;
				SUPPORTS_MAC_DESIGNED_FOR_IPHONE_IPAD = NO;
				SUPPORTS_XR_DESIGNED_FOR_IPHONE_IPAD = NO;
				SWIFT_EMIT_LOC_STRINGS = YES;
				SWIFT_VERSION = 5.0;
				TARGETED_DEVICE_FAMILY = 1;
			};
			name = Debug;
		};
		2C2E57932CE71E8C008766A8 /* Release */ = {
			isa = XCBuildConfiguration;
			buildSettings = {
				ASSETCATALOG_COMPILER_APPICON_NAME = AppIcon;
				ASSETCATALOG_COMPILER_GLOBAL_ACCENT_COLOR_NAME = AccentColor;
				CODE_SIGN_STYLE = Automatic;
				CURRENT_PROJECT_VERSION = 1;
				DEVELOPMENT_ASSET_PATHS = "";
				DEVELOPMENT_TEAM = U4BQZ3AXAA;
				ENABLE_PREVIEWS = YES;
				GENERATE_INFOPLIST_FILE = YES;
				INFOPLIST_FILE = TeamUP/Info.plist;
				INFOPLIST_KEY_UIApplicationSceneManifest_Generation = YES;
				INFOPLIST_KEY_UILaunchScreen_Generation = YES;
				INFOPLIST_KEY_UISupportedInterfaceOrientations = UIInterfaceOrientationPortrait;
				INFOPLIST_KEY_UISupportedInterfaceOrientations_iPad = "UIInterfaceOrientationLandscapeLeft UIInterfaceOrientationLandscapeRight UIInterfaceOrientationPortrait UIInterfaceOrientationPortraitUpsideDown";
				INFOPLIST_KEY_UIUserInterfaceStyle = Light;
				IPHONEOS_DEPLOYMENT_TARGET = 17.0;
				LD_RUNPATH_SEARCH_PATHS = (
					"$(inherited)",
					"@executable_path/Frameworks",
				);
				MARKETING_VERSION = 1.0;
				PRODUCT_BUNDLE_IDENTIFIER = com.sueunal.com.TeamUP;
				PRODUCT_NAME = "$(TARGET_NAME)";
				SUPPORTED_PLATFORMS = "iphoneos iphonesimulator";
				SUPPORTS_MACCATALYST = NO;
				SUPPORTS_MAC_DESIGNED_FOR_IPHONE_IPAD = NO;
				SUPPORTS_XR_DESIGNED_FOR_IPHONE_IPAD = NO;
				SWIFT_EMIT_LOC_STRINGS = YES;
				SWIFT_VERSION = 5.0;
				TARGETED_DEVICE_FAMILY = 1;
			};
			name = Release;
		};
/* End XCBuildConfiguration section */

/* Begin XCConfigurationList section */
		2C2E577E2CE71E8B008766A8 /* Build configuration list for PBXProject "TeamUP" */ = {
			isa = XCConfigurationList;
			buildConfigurations = (
				2C2E578F2CE71E8C008766A8 /* Debug */,
				2C2E57902CE71E8C008766A8 /* Release */,
			);
			defaultConfigurationIsVisible = 0;
			defaultConfigurationName = Release;
		};
		2C2E57912CE71E8C008766A8 /* Build configuration list for PBXNativeTarget "TeamUP" */ = {
			isa = XCConfigurationList;
			buildConfigurations = (
				2C2E57922CE71E8C008766A8 /* Debug */,
				2C2E57932CE71E8C008766A8 /* Release */,
			);
			defaultConfigurationIsVisible = 0;
			defaultConfigurationName = Release;
		};
/* End XCConfigurationList section */

/* Begin XCRemoteSwiftPackageReference section */
		2CB1BF492CE725B000CA6A26 /* XCRemoteSwiftPackageReference "Alamofire" */ = {
			isa = XCRemoteSwiftPackageReference;
			repositoryURL = "https://github.com/Alamofire/Alamofire.git";
			requirement = {
				kind = upToNextMajorVersion;
				minimumVersion = 5.10.1;
			};
		};
		2CB1BF4E2CE725D000CA6A26 /* XCRemoteSwiftPackageReference "keychain-swift" */ = {
			isa = XCRemoteSwiftPackageReference;
			repositoryURL = "https://github.com/evgenyneu/keychain-swift.git";
			requirement = {
				kind = upToNextMajorVersion;
				minimumVersion = 24.0.0;
			};
		};
		2CB1BF512CE725DF00CA6A26 /* XCRemoteSwiftPackageReference "swift-markdown-ui" */ = {
			isa = XCRemoteSwiftPackageReference;
			repositoryURL = "https://github.com/gonzalezreal/swift-markdown-ui";
			requirement = {
				kind = upToNextMajorVersion;
				minimumVersion = 2.4.1;
			};
		};
		2CFB663E2CEF84670079B06A /* XCRemoteSwiftPackageReference "socket.io-client-swift" */ = {
			isa = XCRemoteSwiftPackageReference;
			repositoryURL = "https://github.com/socketio/socket.io-client-swift.git";
			requirement = {
				branch = master;
				kind = branch;
			};
		};
/* End XCRemoteSwiftPackageReference section */

/* Begin XCSwiftPackageProductDependency section */
		2CB1BF4A2CE725B000CA6A26 /* Alamofire */ = {
			isa = XCSwiftPackageProductDependency;
			package = 2CB1BF492CE725B000CA6A26 /* XCRemoteSwiftPackageReference "Alamofire" */;
			productName = Alamofire;
		};
		2CB1BF4F2CE725D000CA6A26 /* KeychainSwift */ = {
			isa = XCSwiftPackageProductDependency;
			package = 2CB1BF4E2CE725D000CA6A26 /* XCRemoteSwiftPackageReference "keychain-swift" */;
			productName = KeychainSwift;
		};
		2CB1BF522CE725DF00CA6A26 /* MarkdownUI */ = {
			isa = XCSwiftPackageProductDependency;
			package = 2CB1BF512CE725DF00CA6A26 /* XCRemoteSwiftPackageReference "swift-markdown-ui" */;
			productName = MarkdownUI;
		};
		2CFB663F2CEF84670079B06A /* SocketIO */ = {
			isa = XCSwiftPackageProductDependency;
			package = 2CFB663E2CEF84670079B06A /* XCRemoteSwiftPackageReference "socket.io-client-swift" */;
			productName = SocketIO;
		};
/* End XCSwiftPackageProductDependency section */
	};
	rootObject = 2C2E577B2CE71E8B008766A8 /* Project object */;
}
